
Microsoft Visual Studio Solution File, Format Version 12.00
# Visual Studio Version 17
VisualStudioVersion = 17.4.33122.133
MinimumVisualStudioVersion = 10.0.40219.1
Project("{9A19103F-16F7-4668-BE54-9A1E7A4F7556}") = "CarPool", "CarPool\CarPool.csproj", "{90F3B520-8BFA-46E7-9DC5-601D069C94FB}"
	ProjectSection(ProjectDependencies) = postProject
		{02CD0B73-69FD-489D-BB77-CDFCCDBD38F7} = {02CD0B73-69FD-489D-BB77-CDFCCDBD38F7}
		{07720AD6-F66F-4602-900A-A19A21F602D3} = {07720AD6-F66F-4602-900A-A19A21F602D3}
	EndProjectSection
EndProject
Project("{9A19103F-16F7-4668-BE54-9A1E7A4F7556}") = "CarPool.Models", "CarPool.Models\CarPool.Models.csproj", "{07720AD6-F66F-4602-900A-A19A21F602D3}"
EndProject
Project("{9A19103F-16F7-4668-BE54-9A1E7A4F7556}") = "CarPool.Services", "CarPool.Services\CarPool.Services.csproj", "{02CD0B73-69FD-489D-BB77-CDFCCDBD38F7}"
	ProjectSection(ProjectDependencies) = postProject
		{07720AD6-F66F-4602-900A-A19A21F602D3} = {07720AD6-F66F-4602-900A-A19A21F602D3}
	EndProjectSection
EndProject
Project("{9A19103F-16F7-4668-BE54-9A1E7A4F7556}") = "CarPool.DataLayer", "Carpool.DataLayer\CarPool.DataLayer.csproj", "{2274C2C3-4C69-4835-93ED-2656BE6B3106}"
EndProject
Project("{54A90642-561A-4BB1-A94E-469ADEE60C69}") = "CarPool.Client", "CarPool.Client\CarPool.Client.esproj", "{9B88F193-6DDA-4793-ABCD-15AA5D9A0AB0}"
EndProject
Global
	GlobalSection(SolutionConfigurationPlatforms) = preSolution
		Debug|Any CPU = Debug|Any CPU
		Release|Any CPU = Release|Any CPU
	EndGlobalSection
	GlobalSection(ProjectConfigurationPlatforms) = postSolution
		{90F3B520-8BFA-46E7-9DC5-601D069C94FB}.Debug|Any CPU.ActiveCfg = Debug|Any CPU
		{90F3B520-8BFA-46E7-9DC5-601D069C94FB}.Debug|Any CPU.Build.0 = Debug|Any CPU
		{90F3B520-8BFA-46E7-9DC5-601D069C94FB}.Release|Any CPU.ActiveCfg = Release|Any CPU
		{90F3B520-8BFA-46E7-9DC5-601D069C94FB}.Release|Any CPU.Build.0 = Release|Any CPU
		{07720AD6-F66F-4602-900A-A19A21F602D3}.Debug|Any CPU.ActiveCfg = Debug|Any CPU
		{07720AD6-F66F-4602-900A-A19A21F602D3}.Debug|Any CPU.Build.0 = Debug|Any CPU
		{07720AD6-F66F-4602-900A-A19A21F602D3}.Release|Any CPU.ActiveCfg = Release|Any CPU
		{07720AD6-F66F-4602-900A-A19A21F602D3}.Release|Any CPU.Build.0 = Release|Any CPU
		{02CD0B73-69FD-489D-BB77-CDFCCDBD38F7}.Debug|Any CPU.ActiveCfg = Debug|Any CPU
		{02CD0B73-69FD-489D-BB77-CDFCCDBD38F7}.Debug|Any CPU.Build.0 = Debug|Any CPU
		{02CD0B73-69FD-489D-BB77-CDFCCDBD38F7}.Release|Any CPU.ActiveCfg = Release|Any CPU
		{02CD0B73-69FD-489D-BB77-CDFCCDBD38F7}.Release|Any CPU.Build.0 = Release|Any CPU
		{2274C2C3-4C69-4835-93ED-2656BE6B3106}.Debug|Any CPU.ActiveCfg = Debug|Any CPU
		{2274C2C3-4C69-4835-93ED-2656BE6B3106}.Debug|Any CPU.Build.0 = Debug|Any CPU
		{2274C2C3-4C69-4835-93ED-2656BE6B3106}.Release|Any CPU.ActiveCfg = Release|Any CPU
		{2274C2C3-4C69-4835-93ED-2656BE6B3106}.Release|Any CPU.Build.0 = Release|Any CPU
		{9B88F193-6DDA-4793-ABCD-15AA5D9A0AB0}.Debug|Any CPU.ActiveCfg = Debug|Any CPU
		{9B88F193-6DDA-4793-ABCD-15AA5D9A0AB0}.Debug|Any CPU.Build.0 = Debug|Any CPU
		{9B88F193-6DDA-4793-ABCD-15AA5D9A0AB0}.Debug|Any CPU.Deploy.0 = Debug|Any CPU
		{9B88F193-6DDA-4793-ABCD-15AA5D9A0AB0}.Release|Any CPU.ActiveCfg = Release|Any CPU
		{9B88F193-6DDA-4793-ABCD-15AA5D9A0AB0}.Release|Any CPU.Build.0 = Release|Any CPU
		{9B88F193-6DDA-4793-ABCD-15AA5D9A0AB0}.Release|Any CPU.Deploy.0 = Release|Any CPU
	EndGlobalSection
	GlobalSection(SolutionProperties) = preSolution
		HideSolutionNode = FALSE
	EndGlobalSection
	GlobalSection(ExtensibilityGlobals) = postSolution
		SolutionGuid = {CDD1FBD0-E359-4192-BF0A-73BE7ABCF876}
	EndGlobalSection
EndGlobal
